
Microsoft Visual Studio Solution File, Format Version 12.00
# Visual Studio 15
VisualStudioVersion = 15.0.27428.2037
MinimumVisualStudioVersion = 10.0.40219.1
Project("{FAE04EC0-301F-11D3-BF4B-00C04F79EFBC}") = "C Sharp Compressor and Encryptor", "C Sharp Compressor and Encryptor.csproj", "{4358A278-DA42-49E6-868C-925F8C19DA3B}"
EndProject
Global
	GlobalSection(SolutionConfigurationPlatforms) = preSolution
		Debug|Any CPU = Debug|Any CPU
		Release|Any CPU = Release|Any CPU
	EndGlobalSection
	GlobalSection(ProjectConfigurationPlatforms) = postSolution
		{4358A278-DA42-49E6-868C-925F8C19DA3B}.Debug|Any CPU.ActiveCfg = Debug|Any CPU
		{4358A278-DA42-49E6-868C-925F8C19DA3B}.Debug|Any CPU.Build.0 = Debug|Any CPU
		{4358A278-DA42-49E6-868C-925F8C19DA3B}.Release|Any CPU.ActiveCfg = Release|Any CPU
		{4358A278-DA42-49E6-868C-925F8C19DA3B}.Release|Any CPU.Build.0 = Release|Any CPU
	EndGlobalSection
	GlobalSection(SolutionProperties) = preSolution
		HideSolutionNode = FALSE
	EndGlobalSection
	GlobalSection(ExtensibilityGlobals) = postSolution
		SolutionGuid = {EA1DAD73-7620-4819-B180-369BCBA5A919}
	EndGlobalSection
EndGlobal
